
Microsoft Visual Studio Solution File, Format Version 12.00
# Visual Studio Version 17
VisualStudioVersion = 17.5.33516.290
MinimumVisualStudioVersion = 10.0.40219.1
Project("{9A19103F-16F7-4668-BE54-9A1E7A4F7556}") = "IegTools.SemanticTypes", "src\IegTools.SemanticTypes\IegTools.SemanticTypes.csproj", "{971BE67C-B6E7-4DE9-825C-49942E322E06}"
EndProject
Project("{9A19103F-16F7-4668-BE54-9A1E7A4F7556}") = "UnitTests.SemanticTypes", "tests\UnitTests.SemanticTypes\UnitTests.SemanticTypes.csproj", "{8C5A7DC5-02A9-4788-90E7-29E4D8FA298A}"
EndProject
Project("{2150E333-8FDC-42A3-9474-1A3956D46DE8}") = "GitHubActions", "GitHubActions", "{282D137D-F43B-460C-875C-B733661B9F1E}"
	ProjectSection(SolutionItems) = preProject
		.github\workflows\run-tests.yml = .github\workflows\run-tests.yml
		.github\workflows\run-tests-create-and-push-nuget-package.yml = .github\workflows\run-tests-create-and-push-nuget-package.yml
	EndProjectSection
EndProject
Global
	GlobalSection(SolutionConfigurationPlatforms) = preSolution
		Debug|Any CPU = Debug|Any CPU
		Release|Any CPU = Release|Any CPU
	EndGlobalSection
	GlobalSection(ProjectConfigurationPlatforms) = postSolution
		{971BE67C-B6E7-4DE9-825C-49942E322E06}.Debug|Any CPU.ActiveCfg = Debug|Any CPU
		{971BE67C-B6E7-4DE9-825C-49942E322E06}.Debug|Any CPU.Build.0 = Debug|Any CPU
		{971BE67C-B6E7-4DE9-825C-49942E322E06}.Release|Any CPU.ActiveCfg = Release|Any CPU
		{971BE67C-B6E7-4DE9-825C-49942E322E06}.Release|Any CPU.Build.0 = Release|Any CPU
		{8C5A7DC5-02A9-4788-90E7-29E4D8FA298A}.Debug|Any CPU.ActiveCfg = Debug|Any CPU
		{8C5A7DC5-02A9-4788-90E7-29E4D8FA298A}.Debug|Any CPU.Build.0 = Debug|Any CPU
		{8C5A7DC5-02A9-4788-90E7-29E4D8FA298A}.Release|Any CPU.ActiveCfg = Release|Any CPU
		{8C5A7DC5-02A9-4788-90E7-29E4D8FA298A}.Release|Any CPU.Build.0 = Release|Any CPU
	EndGlobalSection
	GlobalSection(SolutionProperties) = preSolution
		HideSolutionNode = FALSE
	EndGlobalSection
	GlobalSection(ExtensibilityGlobals) = postSolution
		SolutionGuid = {2DE14CE1-4AAB-4493-83DD-49DDD6BB9736}
	EndGlobalSection
EndGlobal
